
Microsoft Visual Studio Solution File, Format Version 12.00
# Visual Studio Version 16
VisualStudioVersion = 16.0.31205.134
MinimumVisualStudioVersion = 10.0.40219.1
Project("{FAE04EC0-301F-11D3-BF4B-00C04F79EFBC}") = "Delegaty(6)", "Delegaty(6)\Delegaty(6).csproj", "{B874D315-0CE2-413E-8F42-7B1C352ED81A}"
EndProject
Project("{9A19103F-16F7-4668-BE54-9A1E7A4F7556}") = "LibraryClassDelegate(6)", "..\LibraryClassDelegate(6)\LibraryClassDelegate(6)\LibraryClassDelegate(6).csproj", "{B27AD9C3-C776-4E02-9A62-53404597B5A8}"
EndProject
Project("{FAE04EC0-301F-11D3-BF4B-00C04F79EFBC}") = "TestsLibrary", "TestsLibrary\TestsLibrary.csproj", "{6BB4C739-F165-43BA-8DDE-D612A7C03679}"
EndProject
Global
	GlobalSection(SolutionConfigurationPlatforms) = preSolution
		Debug|Any CPU = Debug|Any CPU
		Release|Any CPU = Release|Any CPU
	EndGlobalSection
	GlobalSection(ProjectConfigurationPlatforms) = postSolution
		{B874D315-0CE2-413E-8F42-7B1C352ED81A}.Debug|Any CPU.ActiveCfg = Debug|Any CPU
		{B874D315-0CE2-413E-8F42-7B1C352ED81A}.Debug|Any CPU.Build.0 = Debug|Any CPU
		{B874D315-0CE2-413E-8F42-7B1C352ED81A}.Release|Any CPU.ActiveCfg = Release|Any CPU
		{B874D315-0CE2-413E-8F42-7B1C352ED81A}.Release|Any CPU.Build.0 = Release|Any CPU
		{B27AD9C3-C776-4E02-9A62-53404597B5A8}.Debug|Any CPU.ActiveCfg = Debug|Any CPU
		{B27AD9C3-C776-4E02-9A62-53404597B5A8}.Debug|Any CPU.Build.0 = Debug|Any CPU
		{B27AD9C3-C776-4E02-9A62-53404597B5A8}.Release|Any CPU.ActiveCfg = Release|Any CPU
		{B27AD9C3-C776-4E02-9A62-53404597B5A8}.Release|Any CPU.Build.0 = Release|Any CPU
		{6BB4C739-F165-43BA-8DDE-D612A7C03679}.Debug|Any CPU.ActiveCfg = Debug|Any CPU
		{6BB4C739-F165-43BA-8DDE-D612A7C03679}.Debug|Any CPU.Build.0 = Debug|Any CPU
		{6BB4C739-F165-43BA-8DDE-D612A7C03679}.Release|Any CPU.ActiveCfg = Release|Any CPU
		{6BB4C739-F165-43BA-8DDE-D612A7C03679}.Release|Any CPU.Build.0 = Release|Any CPU
	EndGlobalSection
	GlobalSection(SolutionProperties) = preSolution
		HideSolutionNode = FALSE
	EndGlobalSection
	GlobalSection(ExtensibilityGlobals) = postSolution
		SolutionGuid = {F3585A01-5EB5-4F08-B0C7-EFF9419BDD3F}
	EndGlobalSection
EndGlobal
